
Microsoft Visual Studio Solution File, Format Version 12.00
# Visual Studio Version 17
VisualStudioVersion = 17.5.33530.505
MinimumVisualStudioVersion = 10.0.40219.1
Project("{FAE04EC0-301F-11D3-BF4B-00C04F79EFBC}") = "lab14", "lab14\lab14.csproj", "{ECAC4029-21C5-419A-A9EF-00254A812E1D}"
EndProject
Global
	GlobalSection(SolutionConfigurationPlatforms) = preSolution
		Debug|Any CPU = Debug|Any CPU
		Release|Any CPU = Release|Any CPU
	EndGlobalSection
	GlobalSection(ProjectConfigurationPlatforms) = postSolution
		{ECAC4029-21C5-419A-A9EF-00254A812E1D}.Debug|Any CPU.ActiveCfg = Debug|Any CPU
		{ECAC4029-21C5-419A-A9EF-00254A812E1D}.Debug|Any CPU.Build.0 = Debug|Any CPU
		{ECAC4029-21C5-419A-A9EF-00254A812E1D}.Release|Any CPU.ActiveCfg = Release|Any CPU
		{ECAC4029-21C5-419A-A9EF-00254A812E1D}.Release|Any CPU.Build.0 = Release|Any CPU
	EndGlobalSection
	GlobalSection(SolutionProperties) = preSolution
		HideSolutionNode = FALSE
	EndGlobalSection
	GlobalSection(ExtensibilityGlobals) = postSolution
		SolutionGuid = {D065FCA9-8C2D-4348-9FF7-9071BF87F8A8}
	EndGlobalSection
EndGlobal
